// !$*UTF8*$!
{
	archiveVersion = 1;
	classes = {
	};
	objectVersion = 50;
	objects = {

/* Begin PBXBuildFile section */
		C602124F20A974410055A150 /* AppDelegate.swift in Sources */ = {isa = PBXBuildFile; fileRef = C602124E20A974410055A150 /* AppDelegate.swift */; };
		C602125120A974410055A150 /* ViewController.swift in Sources */ = {isa = PBXBuildFile; fileRef = C602125020A974410055A150 /* ViewController.swift */; };
		C602125420A974410055A150 /* Main.storyboard in Resources */ = {isa = PBXBuildFile; fileRef = C602125220A974410055A150 /* Main.storyboard */; };
		C602125620A974420055A150 /* Assets.xcassets in Resources */ = {isa = PBXBuildFile; fileRef = C602125520A974420055A150 /* Assets.xcassets */; };
		C602125920A974420055A150 /* LaunchScreen.storyboard in Resources */ = {isa = PBXBuildFile; fileRef = C602125720A974420055A150 /* LaunchScreen.storyboard */; };
		C602126320A974640055A150 /* HRStepperView.xib in Resources */ = {isa = PBXBuildFile; fileRef = C602126120A974640055A150 /* HRStepperView.xib */; };
		C602126420A974640055A150 /* HRStepperView.swift in Sources */ = {isa = PBXBuildFile; fileRef = C602126220A974640055A150 /* HRStepperView.swift */; };
/* End PBXBuildFile section */

/* Begin PBXFileReference section */
		C602124B20A974410055A150 /* Demo_Stepper.app */ = {isa = PBXFileReference; explicitFileType = wrapper.application; includeInIndex = 0; path = Demo_Stepper.app; sourceTree = BUILT_PRODUCTS_DIR; };
		C602124E20A974410055A150 /* AppDelegate.swift */ = {isa = PBXFileReference; lastKnownFileType = sourcecode.swift; path = AppDelegate.swift; sourceTree = "<group>"; };
		C602125020A974410055A150 /* ViewController.swift */ = {isa = PBXFileReference; lastKnownFileType = sourcecode.swift; path = ViewController.swift; sourceTree = "<group>"; };
		C602125320A974410055A150 /* Base */ = {isa = PBXFileReference; lastKnownFileType = file.storyboard; name = Base; path = Base.lproj/Main.storyboard; sourceTree = "<group>"; };
		C602125520A974420055A150 /* Assets.xcassets */ = {isa = PBXFileReference; lastKnownFileType = folder.assetcatalog; path = Assets.xcassets; sourceTree = "<group>"; };
		C602125820A974420055A150 /* Base */ = {isa = PBXFileReference; lastKnownFileType = file.storyboard; name = Base; path = Base.lproj/LaunchScreen.storyboard; sourceTree = "<group>"; };
		C602125A20A974420055A150 /* Info.plist */ = {isa = PBXFileReference; lastKnownFileType = text.plist.xml; path = Info.plist; sourceTree = "<group>"; };
		C602126120A974640055A150 /* HRStepperView.xib */ = {isa = PBXFileReference; fileEncoding = 4; lastKnownFileType = file.xib; path = HRStepperView.xib; sourceTree = "<group>"; };
		C602126220A974640055A150 /* HRStepperView.swift */ = {isa = PBXFileReference; fileEncoding = 4; lastKnownFileType = sourcecode.swift; path = HRStepperView.swift; sourceTree = "<group>"; };
/* End PBXFileReference section */

/* Begin PBXFrameworksBuildPhase section */
		C602124820A974410055A150 /* Frameworks */ = {
			isa = PBXFrameworksBuildPhase;
			buildActionMask = 2147483647;
			files = (
			);
			runOnlyForDeploymentPostprocessing = 0;
		};
/* End PBXFrameworksBuildPhase section */

/* Begin PBXGroup section */
		C602124220A974410055A150 = {
			isa = PBXGroup;
			children = (
				C602124D20A974410055A150 /* Demo_Stepper */,
				C602124C20A974410055A150 /* Products */,
			);
			sourceTree = "<group>";
		};
		C602124C20A974410055A150 /* Products */ = {
			isa = PBXGroup;
			children = (
				C602124B20A974410055A150 /* Demo_Stepper.app */,
			);
			name = Products;
			sourceTree = "<group>";
		};
		C602124D20A974410055A150 /* Demo_Stepper */ = {
			isa = PBXGroup;
			children = (
				C602126020A974640055A150 /* HRStepperView */,
				C602124E20A974410055A150 /* AppDelegate.swift */,
				C602125020A974410055A150 /* ViewController.swift */,
				C602125220A974410055A150 /* Main.storyboard */,
				C602125520A974420055A150 /* Assets.xcassets */,
				C602125720A974420055A150 /* LaunchScreen.storyboard */,
				C602125A20A974420055A150 /* Info.plist */,
			);
			path = Demo_Stepper;
			sourceTree = "<group>";
		};
		C602126020A974640055A150 /* HRStepperView */ = {
			isa = PBXGroup;
			children = (
				C602126120A974640055A150 /* HRStepperView.xib */,
				C602126220A974640055A150 /* HRStepperView.swift */,
			);
			path = HRStepperView;
			sourceTree = "<group>";
		};
/* End PBXGroup section */

/* Begin PBXNativeTarget section */
		C602124A20A974410055A150 /* Demo_Stepper */ = {
			isa = PBXNativeTarget;
			buildConfigurationList = C602125D20A974420055A150 /* Build configuration list for PBXNativeTarget "Demo_Stepper" */;
			buildPhases = (
				C602124720A974410055A150 /* Sources */,
				C602124820A974410055A150 /* Frameworks */,
				C602124920A974410055A150 /* Resources */,
			);
			buildRules = (
			);
			dependencies = (
			);
			name = Demo_Stepper;
			productName = Demo_Stepper;
			productReference = C602124B20A974410055A150 /* Demo_Stepper.app */;
			productType = "com.apple.product-type.application";
		};
/* End PBXNativeTarget section */

/* Begin PBXProject section */
		C602124320A974410055A150 /* Project object */ = {
			isa = PBXProject;
			attributes = {
				LastSwiftUpdateCheck = 0930;
				LastUpgradeCheck = 0930;
				ORGANIZATIONNAME = HenryGao;
				TargetAttributes = {
					C602124A20A974410055A150 = {
						CreatedOnToolsVersion = 9.3.1;
					};
				};
			};
			buildConfigurationList = C602124620A974410055A150 /* Build configuration list for PBXProject "Demo_Stepper" */;
			compatibilityVersion = "Xcode 9.3";
			developmentRegion = en;
			hasScannedForEncodings = 0;
			knownRegions = (
				en,
				Base,
			);
			mainGroup = C602124220A974410055A150;
			productRefGroup = C602124C20A974410055A150 /* Products */;
			projectDirPath = "";
			projectRoot = "";
			targets = (
				C602124A20A974410055A150 /* Demo_Stepper */,
			);
		};
/* End PBXProject section */

/* Begin PBXResourcesBuildPhase section */
		C602124920A974410055A150 /* Resources */ = {
			isa = PBXResourcesBuildPhase;
			buildActionMask = 2147483647;
			files = (
				C602125920A974420055A150 /* LaunchScreen.storyboard in Resources */,
				C602125620A974420055A150 /* Assets.xcassets in Resources */,
				C602126320A974640055A150 /* HRStepperView.xib in Resources */,
				C602125420A974410055A150 /* Main.storyboard in Resources */,
			);
			runOnlyForDeploymentPostprocessing = 0;
		};
/* End PBXResourcesBuildPhase section */

/* Begin PBXSourcesBuildPhase section */
		C602124720A974410055A150 /* Sources */ = {
			isa = PBXSourcesBuildPhase;
			buildActionMask = 2147483647;
			files = (
				C602125120A974410055A150 /* ViewController.swift in Sources */,
				C602124F20A974410055A150 /* AppDelegate.swift in Sources */,
				C602126420A974640055A150 /* HRStepperView.swift in Sources */,
			);
			runOnlyForDeploymentPostprocessing = 0;
		};
/* End PBXSourcesBuildPhase section */

/* Begin PBXVariantGroup section */
		C602125220A974410055A150 /* Main.storyboard */ = {
			isa = PBXVariantGroup;
			children = (
				C602125320A974410055A150 /* Base */,
			);
			name = Main.storyboard;
			sourceTree = "<group>";
		};
		C602125720A974420055A150 /* LaunchScreen.storyboard */ = {
			isa = PBXVariantGroup;
			children = (
				C602125820A974420055A150 /* Base */,
			);
			name = LaunchScreen.storyboard;
			sourceTree = "<group>";
		};
/* End PBXVariantGroup section */

/* Begin XCBuildConfiguration section */
		C602125B20A974420055A150 /* Debug */ = {
			isa = XCBuildConfiguration;
			buildSettings = {
				ALWAYS_SEARCH_USER_PATHS = NO;
				CLANG_ANALYZER_NONNULL = YES;
				CLANG_ANALYZER_NUMBER_OBJECT_CONVERSION = YES_AGGRESSIVE;
				CLANG_CXX_LANGUAGE_STANDARD = "gnu++14";
				CLANG_CXX_LIBRARY = "libc++";
				CLANG_ENABLE_MODULES = YES;
				CLANG_ENABLE_OBJC_ARC = YES;
				CLANG_ENABLE_OBJC_WEAK = YES;
				CLANG_WARN_BLOCK_CAPTURE_AUTORELEASING = YES;
				CLANG_WARN_BOOL_CONVERSION = YES;
				CLANG_WARN_COMMA = YES;
				CLANG_WARN_CONSTANT_CONVERSION = YES;
				CLANG_WARN_DEPRECATED_OBJC_IMPLEMENTATIONS = YES;
				CLANG_WARN_DIRECT_OBJC_ISA_USAGE = YES_ERROR;
				CLANG_WARN_DOCUMENTATION_COMMENTS = YES;
				CLANG_WARN_EMPTY_BODY = YES;
				CLANG_WARN_ENUM_CONVERSION = YES;
				CLANG_WARN_INFINITE_RECURSION = YES;
				CLANG_WARN_INT_CONVERSION = YES;
				CLANG_WARN_NON_LITERAL_NULL_CONVERSION = YES;
				CLANG_WARN_OBJC_IMPLICIT_RETAIN_SELF = YES;
				CLANG_WARN_OBJC_LITERAL_CONVERSION = YES;
				CLANG_WARN_OBJC_ROOT_CLASS = YES_ERROR;
				CLANG_WARN_RANGE_LOOP_ANALYSIS = YES;
				CLANG_WARN_STRICT_PROTOTYPES = YES;
				CLANG_WARN_SUSPICIOUS_MOVE = YES;
				CLANG_WARN_UNGUARDED_AVAILABILITY = YES_AGGRESSIVE;
				CLANG_WARN_UNREACHABLE_CODE = YES;
				CLANG_WARN__DUPLICATE_METHOD_MATCH = YES;
				CODE_SIGN_IDENTITY = "iPhone Developer";
				COPY_PHASE_STRIP = NO;
				DEBUG_INFORMATION_FORMAT = dwarf;
				ENABLE_STRICT_OBJC_MSGSEND = YES;
				ENABLE_TESTABILITY = YES;
				GCC_C_LANGUAGE_STANDARD = gnu11;
				GCC_DYNAMIC_NO_PIC = NO;
				GCC_NO_COMMON_BLOCKS = YES;
				GCC_OPTIMIZATION_LEVEL = 0;
				GCC_PREPROCESSOR_DEFINITIONS = (
					"DEBUG=1",
					"$(inherited)",
				);
				GCC_WARN_64_TO_32_BIT_CONVERSION = YES;
				GCC_WARN_ABOUT_RETURN_TYPE = YES_ERROR;
				GCC_WARN_UNDECLARED_SELECTOR = YES;
				GCC_WARN_UNINITIALIZED_AUTOS = YES_AGGRESSIVE;
				GCC_WARN_UNUSED_FUNCTION = YES;
				GCC_WARN_UNUSED_VARIABLE = YES;
				IPHONEOS_DEPLOYMENT_TARGET = 11.3;
				MTL_ENABLE_DEBUG_INFO = YES;
				ONLY_ACTIVE_ARCH = YES;
				SDKROOT = iphoneos;
				SWIFT_ACTIVE_COMPILATION_CONDITIONS = DEBUG;
				SWIFT_OPTIMIZATION_LEVEL = "-Onone";
			};
			name = Debug;
		};
		C602125C20A974420055A150 /* Release */ = {
			isa = XCBuildConfiguration;
			buildSettings = {
				ALWAYS_SEARCH_USER_PATHS = NO;
				CLANG_ANALYZER_NONNULL = YES;
				CLANG_ANALYZER_NUMBER_OBJECT_CONVERSION = YES_AGGRESSIVE;
				CLANG_CXX_LANGUAGE_STANDARD = "gnu++14";
				CLANG_CXX_LIBRARY = "libc++";
				CLANG_ENABLE_MODULES = YES;
				CLANG_ENABLE_OBJC_ARC = YES;
				CLANG_ENABLE_OBJC_WEAK = YES;
				CLANG_WARN_BLOCK_CAPTURE_AUTORELEASING = YES;
				CLANG_WARN_BOOL_CONVERSION = YES;
				CLANG_WARN_COMMA = YES;
				CLANG_WARN_CONSTANT_CONVERSION = YES;
				CLANG_WARN_DEPRECATED_OBJC_IMPLEMENTATIONS = YES;
				CLANG_WARN_DIRECT_OBJC_ISA_USAGE = YES_ERROR;
				CLANG_WARN_DOCUMENTATION_COMMENTS = YES;
				CLANG_WARN_EMPTY_BODY = YES;
				CLANG_WARN_ENUM_CONVERSION = YES;
				CLANG_WARN_INFINITE_RECURSION = YES;
				CLANG_WARN_INT_CONVERSION = YES;
				CLANG_WARN_NON_LITERAL_NULL_CONVERSION = YES;
				CLANG_WARN_OBJC_IMPLICIT_RETAIN_SELF = YES;
				CLANG_WARN_OBJC_LITERAL_CONVERSION = YES;
				CLANG_WARN_OBJC_ROOT_CLASS = YES_ERROR;
				CLANG_WARN_RANGE_LOOP_ANALYSIS = YES;
				CLANG_WARN_STRICT_PROTOTYPES = YES;
				CLANG_WARN_SUSPICIOUS_MOVE = YES;
				CLANG_WARN_UNGUARDED_AVAILABILITY = YES_AGGRESSIVE;
				CLANG_WARN_UNREACHABLE_CODE = YES;
				CLANG_WARN__DUPLICATE_METHOD_MATCH = YES;
				CODE_SIGN_IDENTITY = "iPhone Developer";
				COPY_PHASE_STRIP = NO;
				DEBUG_INFORMATION_FORMAT = "dwarf-with-dsym";
				ENABLE_NS_ASSERTIONS = NO;
				ENABLE_STRICT_OBJC_MSGSEND = YES;
				GCC_C_LANGUAGE_STANDARD = gnu11;
				GCC_NO_COMMON_BLOCKS = YES;
				GCC_WARN_64_TO_32_BIT_CONVERSION = YES;
				GCC_WARN_ABOUT_RETURN_TYPE = YES_ERROR;
				GCC_WARN_UNDECLARED_SELECTOR = YES;
				GCC_WARN_UNINITIALIZED_AUTOS = YES_AGGRESSIVE;
				GCC_WARN_UNUSED_FUNCTION = YES;
				GCC_WARN_UNUSED_VARIABLE = YES;
				IPHONEOS_DEPLOYMENT_TARGET = 11.3;
				MTL_ENABLE_DEBUG_INFO = NO;
				SDKROOT = iphoneos;
				SWIFT_COMPILATION_MODE = wholemodule;
				SWIFT_OPTIMIZATION_LEVEL = "-O";
				VALIDATE_PRODUCT = YES;
			};
			name = Release;
		};
		C602125E20A974420055A150 /* Debug */ = {
			isa = XCBuildConfiguration;
			buildSettings = {
				ASSETCATALOG_COMPILER_APPICON_NAME = AppIcon;
				CODE_SIGN_STYLE = Automatic;
				INFOPLIST_FILE = Demo_Stepper/Info.plist;
				LD_RUNPATH_SEARCH_PATHS = (
					"$(inherited)",
					"@executable_path/Frameworks",
				);
				PRODUCT_BUNDLE_IDENTIFIER = "henrygao.demo.Demo-Stepper";
				PRODUCT_NAME = "$(TARGET_NAME)";
				SWIFT_VERSION = 4.0;
				TARGETED_DEVICE_FAMILY = "1,2";
			};
			name = Debug;
		};
		C602125F20A974420055A150 /* Release */ = {
			isa = XCBuildConfiguration;
			buildSettings = {
				ASSETCATALOG_COMPILER_APPICON_NAME = AppIcon;
				CODE_SIGN_STYLE = Automatic;
				INFOPLIST_FILE = Demo_Stepper/Info.plist;
				LD_RUNPATH_SEARCH_PATHS = (
					"$(inherited)",
					"@executable_path/Frameworks",
				);
				PRODUCT_BUNDLE_IDENTIFIER = "henrygao.demo.Demo-Stepper";
				PRODUCT_NAME = "$(TARGET_NAME)";
				SWIFT_VERSION = 4.0;
				TARGETED_DEVICE_FAMILY = "1,2";
			};
			name = Release;
		};
/* End XCBuildConfiguration section */

/* Begin XCConfigurationList section */
		C602124620A974410055A150 /* Build configuration list for PBXProject "Demo_Stepper" */ = {
			isa = XCConfigurationList;
			buildConfigurations = (
				C602125B20A974420055A150 /* Debug */,
				C602125C20A974420055A150 /* Release */,
			);
			defaultConfigurationIsVisible = 0;
			defaultConfigurationName = Release;
		};
		C602125D20A974420055A150 /* Build configuration list for PBXNativeTarget "Demo_Stepper" */ = {
			isa = XCConfigurationList;
			buildConfigurations = (
				C602125E20A974420055A150 /* Debug */,
				C602125F20A974420055A150 /* Release */,
			);
			defaultConfigurationIsVisible = 0;
			defaultConfigurationName = Release;
		};
/* End XCConfigurationList section */
	};
	rootObject = C602124320A974410055A150 /* Project object */;
}
